// !$*UTF8*$!
{
	archiveVersion = 1;
	classes = {
	};
	objectVersion = 54;
	objects = {

/* Begin PBXBuildFile section */
		00E356F31AD99517003FC87E /* xhunterTests.m in Sources */ = {isa = PBXBuildFile; fileRef = 00E356F21AD99517003FC87E /* xhunterTests.m */; };
		13B07FBC1A68108700A75B9A /* AppDelegate.m in Sources */ = {isa = PBXBuildFile; fileRef = 13B07FB01A68108700A75B9A /* AppDelegate.m */; };
		13B07FBF1A68108700A75B9A /* Images.xcassets in Resources */ = {isa = PBXBuildFile; fileRef = 13B07FB51A68108700A75B9A /* Images.xcassets */; };
		13B07FC11A68108700A75B9A /* main.m in Sources */ = {isa = PBXBuildFile; fileRef = 13B07FB71A68108700A75B9A /* main.m */; };
		81AB9BB82411601600AC10FF /* LaunchScreen.storyboard in Resources */ = {isa = PBXBuildFile; fileRef = 81AB9BB72411601600AC10FF /* LaunchScreen.storyboard */; };
		8416466FB480A69642861D72 /* libPods-xhunter-xhunterTests.a in Frameworks */ = {isa = PBXBuildFile; fileRef = F3E6B37E486EB8B45935CAFF /* libPods-xhunter-xhunterTests.a */; };
		E6810181441055B13B377873 /* libPods-xhunter.a in Frameworks */ = {isa = PBXBuildFile; fileRef = FF147231BC36BC6F8BF1C01B /* libPods-xhunter.a */; };
		50812591E7B742D6A9CC900B /* AntDesign.ttf in Resources */ = {isa = PBXBuildFile; fileRef = 9EBCE8C2B62C4635A4CBB833 /* AntDesign.ttf */; };
		A69BBC222BCB42699B01AB7E /* Entypo.ttf in Resources */ = {isa = PBXBuildFile; fileRef = 9E3C3073398E4672BB5D95A8 /* Entypo.ttf */; };
		9599E609566E43AA9E4430AC /* EvilIcons.ttf in Resources */ = {isa = PBXBuildFile; fileRef = 9B4AE226ED7E4A488737CED1 /* EvilIcons.ttf */; };
		8512D1E14AF849DABF717DBF /* Feather.ttf in Resources */ = {isa = PBXBuildFile; fileRef = 601E1481F8044680AA097481 /* Feather.ttf */; };
		9FA70C39580D452BAC84B54B /* FontAwesome.ttf in Resources */ = {isa = PBXBuildFile; fileRef = 9696D25B48B4435CA5B18D15 /* FontAwesome.ttf */; };
		6CF3BBE15E1A4984857D8CC0 /* FontAwesome5_Brands.ttf in Resources */ = {isa = PBXBuildFile; fileRef = 1F8D2F1E57D44DBE82EC73FF /* FontAwesome5_Brands.ttf */; };
		1A4E231F86DF49328D2BE2E1 /* FontAwesome5_Regular.ttf in Resources */ = {isa = PBXBuildFile; fileRef = B09713938641461B8513DBDF /* FontAwesome5_Regular.ttf */; };
		62768B36573B4311A4881696 /* FontAwesome5_Solid.ttf in Resources */ = {isa = PBXBuildFile; fileRef = 8262C4C756F743A79C2E35AB /* FontAwesome5_Solid.ttf */; };
		99A1083C51FA4DFB8FC593A4 /* Fontisto.ttf in Resources */ = {isa = PBXBuildFile; fileRef = 89B497D8A5EA412EAB1B3582 /* Fontisto.ttf */; };
		8E512C40196E49E495241D1A /* Foundation.ttf in Resources */ = {isa = PBXBuildFile; fileRef = 3ACF47BAE53D47FAA7F78452 /* Foundation.ttf */; };
		07CB105C5BA94C75A1183F0E /* Ionicons.ttf in Resources */ = {isa = PBXBuildFile; fileRef = 6B7E3DC4AFBB48728F94893D /* Ionicons.ttf */; };
		6D497882B30B4BB4BBB07514 /* MaterialCommunityIcons.ttf in Resources */ = {isa = PBXBuildFile; fileRef = BD834C8ADC7E4BA0A9EEB4A5 /* MaterialCommunityIcons.ttf */; };
		B7E7DE28A5ED40F6AEB2B831 /* MaterialIcons.ttf in Resources */ = {isa = PBXBuildFile; fileRef = 93F356317148416889DB6B43 /* MaterialIcons.ttf */; };
		F00D600D75C54547BE620CFF /* Octicons.ttf in Resources */ = {isa = PBXBuildFile; fileRef = 0D8A4C2754A54C5AA12A56CD /* Octicons.ttf */; };
		CAFED941786C47188EB3F2AD /* SimpleLineIcons.ttf in Resources */ = {isa = PBXBuildFile; fileRef = CB53EF986ABB44E89D56D102 /* SimpleLineIcons.ttf */; };
		29EB32B7F39944588FF48FE9 /* Zocial.ttf in Resources */ = {isa = PBXBuildFile; fileRef = D5D14301495C4DDF974D197D /* Zocial.ttf */; };
/* End PBXBuildFile section */

/* Begin PBXContainerItemProxy section */
		00E356F41AD99517003FC87E /* PBXContainerItemProxy */ = {
			isa = PBXContainerItemProxy;
			containerPortal = 83CBB9F71A601CBA00E9B192 /* Project object */;
			proxyType = 1;
			remoteGlobalIDString = 13B07F861A680F5B00A75B9A;
			remoteInfo = xhunter;
		};
/* End PBXContainerItemProxy section */

/* Begin PBXFileReference section */
		00E356EE1AD99517003FC87E /* xhunterTests.xctest */ = {isa = PBXFileReference; explicitFileType = wrapper.cfbundle; includeInIndex = 0; path = xhunterTests.xctest; sourceTree = BUILT_PRODUCTS_DIR; };
		00E356F11AD99517003FC87E /* Info.plist */ = {isa = PBXFileReference; lastKnownFileType = text.plist.xml; path = Info.plist; sourceTree = "<group>"; };
		00E356F21AD99517003FC87E /* xhunterTests.m */ = {isa = PBXFileReference; lastKnownFileType = sourcecode.c.objc; path = xhunterTests.m; sourceTree = "<group>"; };
		13B07F961A680F5B00A75B9A /* xhunter.app */ = {isa = PBXFileReference; explicitFileType = wrapper.application; includeInIndex = 0; path = xhunter.app; sourceTree = BUILT_PRODUCTS_DIR; };
		13B07FAF1A68108700A75B9A /* AppDelegate.h */ = {isa = PBXFileReference; fileEncoding = 4; lastKnownFileType = sourcecode.c.h; name = AppDelegate.h; path = xhunter/AppDelegate.h; sourceTree = "<group>"; };
		13B07FB01A68108700A75B9A /* AppDelegate.m */ = {isa = PBXFileReference; fileEncoding = 4; lastKnownFileType = sourcecode.c.objc; name = AppDelegate.m; path = xhunter/AppDelegate.m; sourceTree = "<group>"; };
		13B07FB51A68108700A75B9A /* Images.xcassets */ = {isa = PBXFileReference; lastKnownFileType = folder.assetcatalog; name = Images.xcassets; path = xhunter/Images.xcassets; sourceTree = "<group>"; };
		13B07FB61A68108700A75B9A /* Info.plist */ = {isa = PBXFileReference; fileEncoding = 4; lastKnownFileType = text.plist.xml; name = Info.plist; path = xhunter/Info.plist; sourceTree = "<group>"; };
		13B07FB71A68108700A75B9A /* main.m */ = {isa = PBXFileReference; fileEncoding = 4; lastKnownFileType = sourcecode.c.objc; name = main.m; path = xhunter/main.m; sourceTree = "<group>"; };
		257FB71EE41AF490C27A1279 /* Pods-xhunter.debug.xcconfig */ = {isa = PBXFileReference; includeInIndex = 1; lastKnownFileType = text.xcconfig; name = "Pods-xhunter.debug.xcconfig"; path = "Target Support Files/Pods-xhunter/Pods-xhunter.debug.xcconfig"; sourceTree = "<group>"; };
		81AB9BB72411601600AC10FF /* LaunchScreen.storyboard */ = {isa = PBXFileReference; fileEncoding = 4; lastKnownFileType = file.storyboard; name = LaunchScreen.storyboard; path = xhunter/LaunchScreen.storyboard; sourceTree = "<group>"; };
		982054FB580FDDE359E4CD8F /* Pods-xhunter-xhunterTests.release.xcconfig */ = {isa = PBXFileReference; includeInIndex = 1; lastKnownFileType = text.xcconfig; name = "Pods-xhunter-xhunterTests.release.xcconfig"; path = "Target Support Files/Pods-xhunter-xhunterTests/Pods-xhunter-xhunterTests.release.xcconfig"; sourceTree = "<group>"; };
		9DF2F019309BBB15271F1D63 /* Pods-xhunter-xhunterTests.debug.xcconfig */ = {isa = PBXFileReference; includeInIndex = 1; lastKnownFileType = text.xcconfig; name = "Pods-xhunter-xhunterTests.debug.xcconfig"; path = "Target Support Files/Pods-xhunter-xhunterTests/Pods-xhunter-xhunterTests.debug.xcconfig"; sourceTree = "<group>"; };
		ED297162215061F000B7C4FE /* JavaScriptCore.framework */ = {isa = PBXFileReference; lastKnownFileType = wrapper.framework; name = JavaScriptCore.framework; path = System/Library/Frameworks/JavaScriptCore.framework; sourceTree = SDKROOT; };
		F36DE7788376E3A292D92A48 /* Pods-xhunter.release.xcconfig */ = {isa = PBXFileReference; includeInIndex = 1; lastKnownFileType = text.xcconfig; name = "Pods-xhunter.release.xcconfig"; path = "Target Support Files/Pods-xhunter/Pods-xhunter.release.xcconfig"; sourceTree = "<group>"; };
		F3E6B37E486EB8B45935CAFF /* libPods-xhunter-xhunterTests.a */ = {isa = PBXFileReference; explicitFileType = archive.ar; includeInIndex = 0; path = "libPods-xhunter-xhunterTests.a"; sourceTree = BUILT_PRODUCTS_DIR; };
		FF147231BC36BC6F8BF1C01B /* libPods-xhunter.a */ = {isa = PBXFileReference; explicitFileType = archive.ar; includeInIndex = 0; path = "libPods-xhunter.a"; sourceTree = BUILT_PRODUCTS_DIR; };
		9EBCE8C2B62C4635A4CBB833 /* AntDesign.ttf */ = {isa = PBXFileReference; name = "AntDesign.ttf"; path = "../node_modules/react-native-vector-icons/Fonts/AntDesign.ttf"; sourceTree = "<group>"; fileEncoding = undefined; lastKnownFileType = unknown; explicitFileType = undefined; includeInIndex = 0; };
		9E3C3073398E4672BB5D95A8 /* Entypo.ttf */ = {isa = PBXFileReference; name = "Entypo.ttf"; path = "../node_modules/react-native-vector-icons/Fonts/Entypo.ttf"; sourceTree = "<group>"; fileEncoding = undefined; lastKnownFileType = unknown; explicitFileType = undefined; includeInIndex = 0; };
		9B4AE226ED7E4A488737CED1 /* EvilIcons.ttf */ = {isa = PBXFileReference; name = "EvilIcons.ttf"; path = "../node_modules/react-native-vector-icons/Fonts/EvilIcons.ttf"; sourceTree = "<group>"; fileEncoding = undefined; lastKnownFileType = unknown; explicitFileType = undefined; includeInIndex = 0; };
		601E1481F8044680AA097481 /* Feather.ttf */ = {isa = PBXFileReference; name = "Feather.ttf"; path = "../node_modules/react-native-vector-icons/Fonts/Feather.ttf"; sourceTree = "<group>"; fileEncoding = undefined; lastKnownFileType = unknown; explicitFileType = undefined; includeInIndex = 0; };
		9696D25B48B4435CA5B18D15 /* FontAwesome.ttf */ = {isa = PBXFileReference; name = "FontAwesome.ttf"; path = "../node_modules/react-native-vector-icons/Fonts/FontAwesome.ttf"; sourceTree = "<group>"; fileEncoding = undefined; lastKnownFileType = unknown; explicitFileType = undefined; includeInIndex = 0; };
		1F8D2F1E57D44DBE82EC73FF /* FontAwesome5_Brands.ttf */ = {isa = PBXFileReference; name = "FontAwesome5_Brands.ttf"; path = "../node_modules/react-native-vector-icons/Fonts/FontAwesome5_Brands.ttf"; sourceTree = "<group>"; fileEncoding = undefined; lastKnownFileType = unknown; explicitFileType = undefined; includeInIndex = 0; };
		B09713938641461B8513DBDF /* FontAwesome5_Regular.ttf */ = {isa = PBXFileReference; name = "FontAwesome5_Regular.ttf"; path = "../node_modules/react-native-vector-icons/Fonts/FontAwesome5_Regular.ttf"; sourceTree = "<group>"; fileEncoding = undefined; lastKnownFileType = unknown; explicitFileType = undefined; includeInIndex = 0; };
		8262C4C756F743A79C2E35AB /* FontAwesome5_Solid.ttf */ = {isa = PBXFileReference; name = "FontAwesome5_Solid.ttf"; path = "../node_modules/react-native-vector-icons/Fonts/FontAwesome5_Solid.ttf"; sourceTree = "<group>"; fileEncoding = undefined; lastKnownFileType = unknown; explicitFileType = undefined; includeInIndex = 0; };
		89B497D8A5EA412EAB1B3582 /* Fontisto.ttf */ = {isa = PBXFileReference; name = "Fontisto.ttf"; path = "../node_modules/react-native-vector-icons/Fonts/Fontisto.ttf"; sourceTree = "<group>"; fileEncoding = undefined; lastKnownFileType = unknown; explicitFileType = undefined; includeInIndex = 0; };
		3ACF47BAE53D47FAA7F78452 /* Foundation.ttf */ = {isa = PBXFileReference; name = "Foundation.ttf"; path = "../node_modules/react-native-vector-icons/Fonts/Foundation.ttf"; sourceTree = "<group>"; fileEncoding = undefined; lastKnownFileType = unknown; explicitFileType = undefined; includeInIndex = 0; };
		6B7E3DC4AFBB48728F94893D /* Ionicons.ttf */ = {isa = PBXFileReference; name = "Ionicons.ttf"; path = "../node_modules/react-native-vector-icons/Fonts/Ionicons.ttf"; sourceTree = "<group>"; fileEncoding = undefined; lastKnownFileType = unknown; explicitFileType = undefined; includeInIndex = 0; };
		BD834C8ADC7E4BA0A9EEB4A5 /* MaterialCommunityIcons.ttf */ = {isa = PBXFileReference; name = "MaterialCommunityIcons.ttf"; path = "../node_modules/react-native-vector-icons/Fonts/MaterialCommunityIcons.ttf"; sourceTree = "<group>"; fileEncoding = undefined; lastKnownFileType = unknown; explicitFileType = undefined; includeInIndex = 0; };
		93F356317148416889DB6B43 /* MaterialIcons.ttf */ = {isa = PBXFileReference; name = "MaterialIcons.ttf"; path = "../node_modules/react-native-vector-icons/Fonts/MaterialIcons.ttf"; sourceTree = "<group>"; fileEncoding = undefined; lastKnownFileType = unknown; explicitFileType = undefined; includeInIndex = 0; };
		0D8A4C2754A54C5AA12A56CD /* Octicons.ttf */ = {isa = PBXFileReference; name = "Octicons.ttf"; path = "../node_modules/react-native-vector-icons/Fonts/Octicons.ttf"; sourceTree = "<group>"; fileEncoding = undefined; lastKnownFileType = unknown; explicitFileType = undefined; includeInIndex = 0; };
		CB53EF986ABB44E89D56D102 /* SimpleLineIcons.ttf */ = {isa = PBXFileReference; name = "SimpleLineIcons.ttf"; path = "../node_modules/react-native-vector-icons/Fonts/SimpleLineIcons.ttf"; sourceTree = "<group>"; fileEncoding = undefined; lastKnownFileType = unknown; explicitFileType = undefined; includeInIndex = 0; };
		D5D14301495C4DDF974D197D /* Zocial.ttf */ = {isa = PBXFileReference; name = "Zocial.ttf"; path = "../node_modules/react-native-vector-icons/Fonts/Zocial.ttf"; sourceTree = "<group>"; fileEncoding = undefined; lastKnownFileType = unknown; explicitFileType = undefined; includeInIndex = 0; };
/* End PBXFileReference section */

/* Begin PBXFrameworksBuildPhase section */
		00E356EB1AD99517003FC87E /* Frameworks */ = {
			isa = PBXFrameworksBuildPhase;
			buildActionMask = 2147483647;
			files = (
				8416466FB480A69642861D72 /* libPods-xhunter-xhunterTests.a in Frameworks */,
			);
			runOnlyForDeploymentPostprocessing = 0;
		};
		13B07F8C1A680F5B00A75B9A /* Frameworks */ = {
			isa = PBXFrameworksBuildPhase;
			buildActionMask = 2147483647;
			files = (
				E6810181441055B13B377873 /* libPods-xhunter.a in Frameworks */,
			);
			runOnlyForDeploymentPostprocessing = 0;
		};
/* End PBXFrameworksBuildPhase section */

/* Begin PBXGroup section */
		00E356EF1AD99517003FC87E /* xhunterTests */ = {
			isa = PBXGroup;
			children = (
				00E356F21AD99517003FC87E /* xhunterTests.m */,
				00E356F01AD99517003FC87E /* Supporting Files */,
			);
			path = xhunterTests;
			sourceTree = "<group>";
		};
		00E356F01AD99517003FC87E /* Supporting Files */ = {
			isa = PBXGroup;
			children = (
				00E356F11AD99517003FC87E /* Info.plist */,
			);
			name = "Supporting Files";
			sourceTree = "<group>";
		};
		13B07FAE1A68108700A75B9A /* xhunter */ = {
			isa = PBXGroup;
			children = (
				13B07FAF1A68108700A75B9A /* AppDelegate.h */,
				13B07FB01A68108700A75B9A /* AppDelegate.m */,
				13B07FB51A68108700A75B9A /* Images.xcassets */,
				13B07FB61A68108700A75B9A /* Info.plist */,
				81AB9BB72411601600AC10FF /* LaunchScreen.storyboard */,
				13B07FB71A68108700A75B9A /* main.m */,
			);
			name = xhunter;
			sourceTree = "<group>";
		};
		1A705FCD7C576BD37CB1BA7F /* Pods */ = {
			isa = PBXGroup;
			children = (
				257FB71EE41AF490C27A1279 /* Pods-xhunter.debug.xcconfig */,
				F36DE7788376E3A292D92A48 /* Pods-xhunter.release.xcconfig */,
				9DF2F019309BBB15271F1D63 /* Pods-xhunter-xhunterTests.debug.xcconfig */,
				982054FB580FDDE359E4CD8F /* Pods-xhunter-xhunterTests.release.xcconfig */,
			);
			name = Pods;
			path = Pods;
			sourceTree = "<group>";
		};
		2D16E6871FA4F8E400B85C8A /* Frameworks */ = {
			isa = PBXGroup;
			children = (
				ED297162215061F000B7C4FE /* JavaScriptCore.framework */,
				FF147231BC36BC6F8BF1C01B /* libPods-xhunter.a */,
				F3E6B37E486EB8B45935CAFF /* libPods-xhunter-xhunterTests.a */,
			);
			name = Frameworks;
			sourceTree = "<group>";
		};
		832341AE1AAA6A7D00B99B32 /* Libraries */ = {
			isa = PBXGroup;
			children = (
			);
			name = Libraries;
			sourceTree = "<group>";
		};
		83CBB9F61A601CBA00E9B192 = {
			isa = PBXGroup;
			children = (
				13B07FAE1A68108700A75B9A /* xhunter */,
				832341AE1AAA6A7D00B99B32 /* Libraries */,
				00E356EF1AD99517003FC87E /* xhunterTests */,
				83CBBA001A601CBA00E9B192 /* Products */,
				2D16E6871FA4F8E400B85C8A /* Frameworks */,
				1A705FCD7C576BD37CB1BA7F /* Pods */,
				42373C88303746CCB462A656 /* Resources */,
			);
			indentWidth = 2;
			sourceTree = "<group>";
			tabWidth = 2;
			usesTabs = 0;
		};
		83CBBA001A601CBA00E9B192 /* Products */ = {
			isa = PBXGroup;
			children = (
				13B07F961A680F5B00A75B9A /* xhunter.app */,
				00E356EE1AD99517003FC87E /* xhunterTests.xctest */,
			);
			name = Products;
			sourceTree = "<group>";
		};
		42373C88303746CCB462A656 /* Resources */ = {
			isa = "PBXGroup";
			children = (
				9EBCE8C2B62C4635A4CBB833 /* AntDesign.ttf */,
				9E3C3073398E4672BB5D95A8 /* Entypo.ttf */,
				9B4AE226ED7E4A488737CED1 /* EvilIcons.ttf */,
				601E1481F8044680AA097481 /* Feather.ttf */,
				9696D25B48B4435CA5B18D15 /* FontAwesome.ttf */,
				1F8D2F1E57D44DBE82EC73FF /* FontAwesome5_Brands.ttf */,
				B09713938641461B8513DBDF /* FontAwesome5_Regular.ttf */,
				8262C4C756F743A79C2E35AB /* FontAwesome5_Solid.ttf */,
				89B497D8A5EA412EAB1B3582 /* Fontisto.ttf */,
				3ACF47BAE53D47FAA7F78452 /* Foundation.ttf */,
				6B7E3DC4AFBB48728F94893D /* Ionicons.ttf */,
				BD834C8ADC7E4BA0A9EEB4A5 /* MaterialCommunityIcons.ttf */,
				93F356317148416889DB6B43 /* MaterialIcons.ttf */,
				0D8A4C2754A54C5AA12A56CD /* Octicons.ttf */,
				CB53EF986ABB44E89D56D102 /* SimpleLineIcons.ttf */,
				D5D14301495C4DDF974D197D /* Zocial.ttf */,
			);
			name = Resources;
			sourceTree = "<group>";
			path = "";
		};
/* End PBXGroup section */

/* Begin PBXNativeTarget section */
		00E356ED1AD99517003FC87E /* xhunterTests */ = {
			isa = PBXNativeTarget;
			buildConfigurationList = 00E357021AD99517003FC87E /* Build configuration list for PBXNativeTarget "xhunterTests" */;
			buildPhases = (
				EFE7CCA4016DA08C2903A1C2 /* [CP] Check Pods Manifest.lock */,
				00E356EA1AD99517003FC87E /* Sources */,
				00E356EB1AD99517003FC87E /* Frameworks */,
				00E356EC1AD99517003FC87E /* Resources */,
				19908AE6F48B46777D43AF9E /* [CP] Embed Pods Frameworks */,
				CF04C1B74828A153C0B02C17 /* [CP] Copy Pods Resources */,
			);
			buildRules = (
			);
			dependencies = (
				00E356F51AD99517003FC87E /* PBXTargetDependency */,
			);
			name = xhunterTests;
			productName = xhunterTests;
			productReference = 00E356EE1AD99517003FC87E /* xhunterTests.xctest */;
			productType = "com.apple.product-type.bundle.unit-test";
		};
		13B07F861A680F5B00A75B9A /* xhunter */ = {
			isa = PBXNativeTarget;
			buildConfigurationList = 13B07F931A680F5B00A75B9A /* Build configuration list for PBXNativeTarget "xhunter" */;
			buildPhases = (
				F012873643A2E503A8DAAA70 /* [CP] Check Pods Manifest.lock */,
				FD10A7F022414F080027D42C /* Start Packager */,
				13B07F871A680F5B00A75B9A /* Sources */,
				13B07F8C1A680F5B00A75B9A /* Frameworks */,
				13B07F8E1A680F5B00A75B9A /* Resources */,
				00DD1BFF1BD5951E006B06BC /* Bundle React Native code and images */,
				39E2C4D8D9AB5B588708851B /* [CP] Embed Pods Frameworks */,
				264C7126EA7F052CF32C1F0C /* [CP] Copy Pods Resources */,
				2777715E4DB22C1B06273E8F /* [CP-User] [NODEJS MOBILE] Copy Node.js Project files */,
				2A1F7F50270F94DED1CAE7C4 /* [CP-User] [NODEJS MOBILE] Build Native Modules */,
				35708E4238BBE5093A0DE67C /* [CP-User] [NODEJS MOBILE] Sign Native Modules */,
				37E22DDCB10027D56A9FA5B3 /* [CP-User] [NODEJS MOBILE] Remove Simulator Strip */,
			);
			buildRules = (
			);
			dependencies = (
			);
			name = xhunter;
			productName = xhunter;
			productReference = 13B07F961A680F5B00A75B9A /* xhunter.app */;
			productType = "com.apple.product-type.application";
		};
/* End PBXNativeTarget section */

/* Begin PBXProject section */
		83CBB9F71A601CBA00E9B192 /* Project object */ = {
			isa = PBXProject;
			attributes = {
				LastUpgradeCheck = 1210;
				TargetAttributes = {
					00E356ED1AD99517003FC87E = {
						CreatedOnToolsVersion = 6.2;
						TestTargetID = 13B07F861A680F5B00A75B9A;
					};
					13B07F861A680F5B00A75B9A = {
						LastSwiftMigration = 1120;
					};
				};
			};
			buildConfigurationList = 83CBB9FA1A601CBA00E9B192 /* Build configuration list for PBXProject "xhunter" */;
			compatibilityVersion = "Xcode 12.0";
			developmentRegion = en;
			hasScannedForEncodings = 0;
			knownRegions = (
				en,
				Base,
			);
			mainGroup = 83CBB9F61A601CBA00E9B192;
			productRefGroup = 83CBBA001A601CBA00E9B192 /* Products */;
			projectDirPath = "";
			projectRoot = "";
			targets = (
				13B07F861A680F5B00A75B9A /* xhunter */,
				00E356ED1AD99517003FC87E /* xhunterTests */,
			);
		};
/* End PBXProject section */

/* Begin PBXResourcesBuildPhase section */
		00E356EC1AD99517003FC87E /* Resources */ = {
			isa = PBXResourcesBuildPhase;
			buildActionMask = 2147483647;
			files = (
			);
			runOnlyForDeploymentPostprocessing = 0;
		};
		13B07F8E1A680F5B00A75B9A /* Resources */ = {
			isa = PBXResourcesBuildPhase;
			buildActionMask = 2147483647;
			files = (
				81AB9BB82411601600AC10FF /* LaunchScreen.storyboard in Resources */,
				13B07FBF1A68108700A75B9A /* Images.xcassets in Resources */,
				50812591E7B742D6A9CC900B /* AntDesign.ttf in Resources */,
				A69BBC222BCB42699B01AB7E /* Entypo.ttf in Resources */,
				9599E609566E43AA9E4430AC /* EvilIcons.ttf in Resources */,
				8512D1E14AF849DABF717DBF /* Feather.ttf in Resources */,
				9FA70C39580D452BAC84B54B /* FontAwesome.ttf in Resources */,
				6CF3BBE15E1A4984857D8CC0 /* FontAwesome5_Brands.ttf in Resources */,
				1A4E231F86DF49328D2BE2E1 /* FontAwesome5_Regular.ttf in Resources */,
				62768B36573B4311A4881696 /* FontAwesome5_Solid.ttf in Resources */,
				99A1083C51FA4DFB8FC593A4 /* Fontisto.ttf in Resources */,
				8E512C40196E49E495241D1A /* Foundation.ttf in Resources */,
				07CB105C5BA94C75A1183F0E /* Ionicons.ttf in Resources */,
				6D497882B30B4BB4BBB07514 /* MaterialCommunityIcons.ttf in Resources */,
				B7E7DE28A5ED40F6AEB2B831 /* MaterialIcons.ttf in Resources */,
				F00D600D75C54547BE620CFF /* Octicons.ttf in Resources */,
				CAFED941786C47188EB3F2AD /* SimpleLineIcons.ttf in Resources */,
				29EB32B7F39944588FF48FE9 /* Zocial.ttf in Resources */,
			);
			runOnlyForDeploymentPostprocessing = 0;
		};
/* End PBXResourcesBuildPhase section */

/* Begin PBXShellScriptBuildPhase section */
		00DD1BFF1BD5951E006B06BC /* Bundle React Native code and images */ = {
			isa = PBXShellScriptBuildPhase;
			buildActionMask = 2147483647;
			files = (
			);
			inputPaths = (
			);
			name = "Bundle React Native code and images";
			outputPaths = (
			);
			runOnlyForDeploymentPostprocessing = 0;
			shellPath = /bin/sh;
			shellScript = "set -e\n\nexport NODE_BINARY=node\n../node_modules/react-native/scripts/react-native-xcode.sh\n";
		};
		19908AE6F48B46777D43AF9E /* [CP] Embed Pods Frameworks */ = {
			isa = PBXShellScriptBuildPhase;
			buildActionMask = 2147483647;
			files = (
			);
			inputFileListPaths = (
				"${PODS_ROOT}/Target Support Files/Pods-xhunter-xhunterTests/Pods-xhunter-xhunterTests-frameworks-${CONFIGURATION}-input-files.xcfilelist",
			);
			name = "[CP] Embed Pods Frameworks";
			outputFileListPaths = (
				"${PODS_ROOT}/Target Support Files/Pods-xhunter-xhunterTests/Pods-xhunter-xhunterTests-frameworks-${CONFIGURATION}-output-files.xcfilelist",
			);
			runOnlyForDeploymentPostprocessing = 0;
			shellPath = /bin/sh;
			shellScript = "\"${PODS_ROOT}/Target Support Files/Pods-xhunter-xhunterTests/Pods-xhunter-xhunterTests-frameworks.sh\"\n";
			showEnvVarsInLog = 0;
		};
		264C7126EA7F052CF32C1F0C /* [CP] Copy Pods Resources */ = {
			isa = PBXShellScriptBuildPhase;
			buildActionMask = 2147483647;
			files = (
			);
			inputFileListPaths = (
				"${PODS_ROOT}/Target Support Files/Pods-xhunter/Pods-xhunter-resources-${CONFIGURATION}-input-files.xcfilelist",
			);
			name = "[CP] Copy Pods Resources";
			outputFileListPaths = (
				"${PODS_ROOT}/Target Support Files/Pods-xhunter/Pods-xhunter-resources-${CONFIGURATION}-output-files.xcfilelist",
			);
			runOnlyForDeploymentPostprocessing = 0;
			shellPath = /bin/sh;
			shellScript = "\"${PODS_ROOT}/Target Support Files/Pods-xhunter/Pods-xhunter-resources.sh\"\n";
			showEnvVarsInLog = 0;
		};
		2777715E4DB22C1B06273E8F /* [CP-User] [NODEJS MOBILE] Copy Node.js Project files */ = {
			isa = PBXShellScriptBuildPhase;
			buildActionMask = 2147483647;
			files = (
			);
			name = "[CP-User] [NODEJS MOBILE] Copy Node.js Project files";
			runOnlyForDeploymentPostprocessing = 0;
			shellPath = /bin/sh;
			shellScript = "#!/bin/sh\nset -e\nNODEJS_ASSETS_DIR=\"$( cd \"$PROJECT_DIR\" && cd ../nodejs-assets/ && pwd )\"\nNODEJS_BUILT_IN_MODULES_DIR=\"$( cd \"$PROJECT_DIR\" && cd ../node_modules/nodejs-mobile-react-native/install/resources/nodejs-modules/ && pwd )\"\nif [ -d \"$CODESIGNING_FOLDER_PATH/nodejs-project/\" ]\nthen\nrm -rf \"$CODESIGNING_FOLDER_PATH/nodejs-project/\"\nfi\nif [ -d \"$CODESIGNING_FOLDER_PATH/builtin_modules/\" ]\nthen\nrm -rf \"$CODESIGNING_FOLDER_PATH/builtin_modules/\"\nfi\nrsync -av --delete \"$NODEJS_ASSETS_DIR/nodejs-project\" \"$CODESIGNING_FOLDER_PATH\"\nrsync -av --delete \"$NODEJS_BUILT_IN_MODULES_DIR/builtin_modules\" \"$CODESIGNING_FOLDER_PATH\"\n";
		};
		2A1F7F50270F94DED1CAE7C4 /* [CP-User] [NODEJS MOBILE] Build Native Modules */ = {
			isa = PBXShellScriptBuildPhase;
			buildActionMask = 2147483647;
			files = (
			);
			name = "[CP-User] [NODEJS MOBILE] Build Native Modules";
			runOnlyForDeploymentPostprocessing = 0;
			shellPath = /bin/sh;
			shellScript = "#!/bin/sh\nset -e\nif [ -z \"$NODEJS_MOBILE_BUILD_NATIVE_MODULES\" ]; then\n# If build native modules preference is not set, look for it in the project's\n#nodejs-assets/BUILD_NATIVE_MODULES.txt file.\nNODEJS_ASSETS_DIR=\"$( cd \"$PROJECT_DIR\" && cd ../nodejs-assets/ && pwd )\"\nPREFERENCE_FILE_PATH=\"$NODEJS_ASSETS_DIR/BUILD_NATIVE_MODULES.txt\"\n  if [ -f \"$PREFERENCE_FILE_PATH\" ]; then\n    NODEJS_MOBILE_BUILD_NATIVE_MODULES=\"$(cat $PREFERENCE_FILE_PATH | xargs)\"\n  fi\nfi\nif [ -z \"$NODEJS_MOBILE_BUILD_NATIVE_MODULES\" ]; then\n# If build native modules preference is not set, try to find .gyp files\n#to turn it on.\n  gypfiles=($(find \"$CODESIGNING_FOLDER_PATH/nodejs-project/\" -type f -name \"*.gyp\"))\n  if [ ${#gypfiles[@]} -gt 0 ]; then\n    NODEJS_MOBILE_BUILD_NATIVE_MODULES=1\n  else\n    NODEJS_MOBILE_BUILD_NATIVE_MODULES=0\n  fi\nfi\nif [ \"1\" != \"$NODEJS_MOBILE_BUILD_NATIVE_MODULES\" ]; then exit 0; fi\n# Delete object files that may already come from within the npm package.\nfind \"$CODESIGNING_FOLDER_PATH/nodejs-project/\" -name \"*.o\" -type f -delete\nfind \"$CODESIGNING_FOLDER_PATH/nodejs-project/\" -name \"*.a\" -type f -delete\nfind \"$CODESIGNING_FOLDER_PATH/nodejs-project/\" -name \"*.node\" -type f -delete\n# Delete bundle contents that may be there from previous builds.\nfind \"$CODESIGNING_FOLDER_PATH/nodejs-project/\" -path \"*/*.node/*\" -delete\nfind \"$CODESIGNING_FOLDER_PATH/nodejs-project/\" -name \"*.node\" -type d -delete\nfind \"$CODESIGNING_FOLDER_PATH/nodejs-project/\" -path \"*/*.framework/*\" -delete\nfind \"$CODESIGNING_FOLDER_PATH/nodejs-project/\" -name \"*.framework\" -type d -delete\n# Apply patches to the modules package.json\nif [ -d \"$CODESIGNING_FOLDER_PATH\"/nodejs-project/node_modules/ ]; then\n  PATCH_SCRIPT_DIR=\"$( cd \"$PROJECT_DIR\" && cd ../node_modules/nodejs-mobile-react-native/scripts/ && pwd )\"\n  NODEJS_PROJECT_MODULES_DIR=\"$( cd \"$CODESIGNING_FOLDER_PATH\" && cd nodejs-project/node_modules/ && pwd )\"\n  node \"$PATCH_SCRIPT_DIR\"/patch-package.js $NODEJS_PROJECT_MODULES_DIR\nfi\n# Get the nodejs-mobile-gyp location\nif [ -d \"$PROJECT_DIR/../node_modules/nodejs-mobile-gyp/\" ]; then\n  NODEJS_MOBILE_GYP_DIR=\"$( cd \"$PROJECT_DIR\" && cd ../node_modules/nodejs-mobile-gyp/ && pwd )\"\nelse\n  NODEJS_MOBILE_GYP_DIR=\"$( cd \"$PROJECT_DIR\" && cd ../node_modules/nodejs-mobile-react-native/node_modules/nodejs-mobile-gyp/ && pwd )\"\nfi\nNODEJS_MOBILE_GYP_BIN_FILE=\"$NODEJS_MOBILE_GYP_DIR\"/bin/node-gyp.js\n# Support building neon-bindings (Rust) native modules\nif [ -f ~/.cargo/env ]; then\n  source ~/.cargo/env;\nfi\n# Rebuild modules with right environment\nNODEJS_HEADERS_DIR=\"$( cd \"$PROJECT_DIR\" && cd ../node_modules/nodejs-mobile-react-native/ios/libnode/ && pwd )\"\npushd $CODESIGNING_FOLDER_PATH/nodejs-project/\nif [ \"$PLATFORM_NAME\" == \"iphoneos\" ]\nthen\n  GYP_DEFINES=\"OS=ios\" CARGO_BUILD_TARGET=\"aarch64-apple-ios\" npm_config_nodedir=\"$NODEJS_HEADERS_DIR\" npm_config_node_gyp=\"$NODEJS_MOBILE_GYP_BIN_FILE\" npm_config_platform=\"ios\" npm_config_format=\"make-ios\" npm_config_node_engine=\"chakracore\" npm_config_arch=\"arm64\" npm --verbose rebuild --build-from-source\nelse\n  GYP_DEFINES=\"OS=ios\" CARGO_BUILD_TARGET=\"x86_64-apple-ios\" npm_config_nodedir=\"$NODEJS_HEADERS_DIR\" npm_config_node_gyp=\"$NODEJS_MOBILE_GYP_BIN_FILE\" npm_config_platform=\"ios\" npm_config_format=\"make-ios\" npm_config_node_engine=\"chakracore\" npm_config_arch=\"x64\" npm --verbose rebuild --build-from-source\nfi\npopd\n";
		};
		35708E4238BBE5093A0DE67C /* [CP-User] [NODEJS MOBILE] Sign Native Modules */ = {
			isa = PBXShellScriptBuildPhase;
			buildActionMask = 2147483647;
			files = (
			);
			name = "[CP-User] [NODEJS MOBILE] Sign Native Modules";
			runOnlyForDeploymentPostprocessing = 0;
			shellPath = /bin/sh;
			shellScript = "#!/bin/sh\nset -e\nif [ -z \"$NODEJS_MOBILE_BUILD_NATIVE_MODULES\" ]; then\n# If build native modules preference is not set, look for it in the project's\n#nodejs-assets/BUILD_NATIVE_MODULES.txt file.\nNODEJS_ASSETS_DIR=\"$( cd \"$PROJECT_DIR\" && cd ../nodejs-assets/ && pwd )\"\nPREFERENCE_FILE_PATH=\"$NODEJS_ASSETS_DIR/BUILD_NATIVE_MODULES.txt\"\n  if [ -f \"$PREFERENCE_FILE_PATH\" ]; then\n    NODEJS_MOBILE_BUILD_NATIVE_MODULES=\"$(cat $PREFERENCE_FILE_PATH | xargs)\"\n  fi\nfi\nif [ -z \"$NODEJS_MOBILE_BUILD_NATIVE_MODULES\" ]; then\n# If build native modules preference is not set, try to find .gyp files\n#to turn it on.\n  gypfiles=($(find \"$CODESIGNING_FOLDER_PATH/nodejs-project/\" -type f -name \"*.gyp\"))\n  if [ ${#gypfiles[@]} -gt 0 ]; then\n    NODEJS_MOBILE_BUILD_NATIVE_MODULES=1\n  else\n    NODEJS_MOBILE_BUILD_NATIVE_MODULES=0\n  fi\nfi\nif [ \"1\" != \"$NODEJS_MOBILE_BUILD_NATIVE_MODULES\" ]; then exit 0; fi\n# Delete object files\nfind \"$CODESIGNING_FOLDER_PATH/nodejs-project/\" -name \"*.o\" -type f -delete\nfind \"$CODESIGNING_FOLDER_PATH/nodejs-project/\" -name \"*.a\" -type f -delete\n# Create Info.plist for each framework built and loader override.\nPATCH_SCRIPT_DIR=\"$( cd \"$PROJECT_DIR\" && cd ../node_modules/nodejs-mobile-react-native/scripts/ && pwd )\"\nNODEJS_PROJECT_DIR=\"$( cd \"$CODESIGNING_FOLDER_PATH\" && cd nodejs-project/ && pwd )\"\nnode \"$PATCH_SCRIPT_DIR\"/ios-create-plists-and-dlopen-override.js $NODEJS_PROJECT_DIR\n# Embed every resulting .framework in the application and delete them afterwards.\nembed_framework()\n{\n    FRAMEWORK_NAME=\"$(basename \"$1\")\"\n    cp -r \"$1\" \"$TARGET_BUILD_DIR/$FRAMEWORKS_FOLDER_PATH/\"\n    /usr/bin/codesign --force --sign $EXPANDED_CODE_SIGN_IDENTITY --preserve-metadata=identifier,entitlements,flags --timestamp=none \"$TARGET_BUILD_DIR/$FRAMEWORKS_FOLDER_PATH/$FRAMEWORK_NAME\"\n}\nfind \"$CODESIGNING_FOLDER_PATH/nodejs-project/\" -name \"*.framework\" -type d | while read frmwrk_path; do embed_framework \"$frmwrk_path\"; done\n\n#Delete gyp temporary .deps dependency folders from the project structure.\nfind \"$CODESIGNING_FOLDER_PATH/nodejs-project/\" -path \"*/.deps/*\" -delete\nfind \"$CODESIGNING_FOLDER_PATH/nodejs-project/\" -name \".deps\" -type d -delete\n\n#Delete frameworks from their build paths\nfind \"$CODESIGNING_FOLDER_PATH/nodejs-project/\" -path \"*/*.framework/*\" -delete\nfind \"$CODESIGNING_FOLDER_PATH/nodejs-project/\" -name \"*.framework\" -type d -delete\n";
		};
		37E22DDCB10027D56A9FA5B3 /* [CP-User] [NODEJS MOBILE] Remove Simulator Strip */ = {
			isa = PBXShellScriptBuildPhase;
			buildActionMask = 2147483647;
			files = (
			);
			name = "[CP-User] [NODEJS MOBILE] Remove Simulator Strip";
			runOnlyForDeploymentPostprocessing = 0;
			shellPath = /bin/sh;
			shellScript = "#!/bin/sh\nset -e\nFRAMEWORK_BINARY_PATH=\"$TARGET_BUILD_DIR/$FRAMEWORKS_FOLDER_PATH/NodeMobile.framework/NodeMobile\"\nFRAMEWORK_STRIPPED_PATH=\"$FRAMEWORK_BINARY_PATH-strip\"\nif [ \"$PLATFORM_NAME\" != \"iphonesimulator\" ]; then\n  if $(lipo \"$FRAMEWORK_BINARY_PATH\" -verify_arch \"x86_64\") ; then\n    lipo -output \"$FRAMEWORK_STRIPPED_PATH\" -remove \"x86_64\" \"$FRAMEWORK_BINARY_PATH\"\n    rm \"$FRAMEWORK_BINARY_PATH\"\n    mv \"$FRAMEWORK_STRIPPED_PATH\" \"$FRAMEWORK_BINARY_PATH\"\n    echo \"Removed simulator strip from NodeMobile.framework\"\n  fi\nfi\n";
		};
		39E2C4D8D9AB5B588708851B /* [CP] Embed Pods Frameworks */ = {
			isa = PBXShellScriptBuildPhase;
			buildActionMask = 2147483647;
			files = (
			);
			inputFileListPaths = (
				"${PODS_ROOT}/Target Support Files/Pods-xhunter/Pods-xhunter-frameworks-${CONFIGURATION}-input-files.xcfilelist",
			);
			name = "[CP] Embed Pods Frameworks";
			outputFileListPaths = (
				"${PODS_ROOT}/Target Support Files/Pods-xhunter/Pods-xhunter-frameworks-${CONFIGURATION}-output-files.xcfilelist",
			);
			runOnlyForDeploymentPostprocessing = 0;
			shellPath = /bin/sh;
			shellScript = "\"${PODS_ROOT}/Target Support Files/Pods-xhunter/Pods-xhunter-frameworks.sh\"\n";
			showEnvVarsInLog = 0;
		};
		CF04C1B74828A153C0B02C17 /* [CP] Copy Pods Resources */ = {
			isa = PBXShellScriptBuildPhase;
			buildActionMask = 2147483647;
			files = (
			);
			inputFileListPaths = (
				"${PODS_ROOT}/Target Support Files/Pods-xhunter-xhunterTests/Pods-xhunter-xhunterTests-resources-${CONFIGURATION}-input-files.xcfilelist",
			);
			name = "[CP] Copy Pods Resources";
			outputFileListPaths = (
				"${PODS_ROOT}/Target Support Files/Pods-xhunter-xhunterTests/Pods-xhunter-xhunterTests-resources-${CONFIGURATION}-output-files.xcfilelist",
			);
			runOnlyForDeploymentPostprocessing = 0;
			shellPath = /bin/sh;
			shellScript = "\"${PODS_ROOT}/Target Support Files/Pods-xhunter-xhunterTests/Pods-xhunter-xhunterTests-resources.sh\"\n";
			showEnvVarsInLog = 0;
		};
		EFE7CCA4016DA08C2903A1C2 /* [CP] Check Pods Manifest.lock */ = {
			isa = PBXShellScriptBuildPhase;
			buildActionMask = 2147483647;
			files = (
			);
			inputFileListPaths = (
			);
			inputPaths = (
				"${PODS_PODFILE_DIR_PATH}/Podfile.lock",
				"${PODS_ROOT}/Manifest.lock",
			);
			name = "[CP] Check Pods Manifest.lock";
			outputFileListPaths = (
			);
			outputPaths = (
				"$(DERIVED_FILE_DIR)/Pods-xhunter-xhunterTests-checkManifestLockResult.txt",
			);
			runOnlyForDeploymentPostprocessing = 0;
			shellPath = /bin/sh;
			shellScript = "diff \"${PODS_PODFILE_DIR_PATH}/Podfile.lock\" \"${PODS_ROOT}/Manifest.lock\" > /dev/null\nif [ $? != 0 ] ; then\n    # print error to STDERR\n    echo \"error: The sandbox is not in sync with the Podfile.lock. Run 'pod install' or update your CocoaPods installation.\" >&2\n    exit 1\nfi\n# This output is used by Xcode 'outputs' to avoid re-running this script phase.\necho \"SUCCESS\" > \"${SCRIPT_OUTPUT_FILE_0}\"\n";
			showEnvVarsInLog = 0;
		};
		F012873643A2E503A8DAAA70 /* [CP] Check Pods Manifest.lock */ = {
			isa = PBXShellScriptBuildPhase;
			buildActionMask = 2147483647;
			files = (
			);
			inputFileListPaths = (
			);
			inputPaths = (
				"${PODS_PODFILE_DIR_PATH}/Podfile.lock",
				"${PODS_ROOT}/Manifest.lock",
			);
			name = "[CP] Check Pods Manifest.lock";
			outputFileListPaths = (
			);
			outputPaths = (
				"$(DERIVED_FILE_DIR)/Pods-xhunter-checkManifestLockResult.txt",
			);
			runOnlyForDeploymentPostprocessing = 0;
			shellPath = /bin/sh;
			shellScript = "diff \"${PODS_PODFILE_DIR_PATH}/Podfile.lock\" \"${PODS_ROOT}/Manifest.lock\" > /dev/null\nif [ $? != 0 ] ; then\n    # print error to STDERR\n    echo \"error: The sandbox is not in sync with the Podfile.lock. Run 'pod install' or update your CocoaPods installation.\" >&2\n    exit 1\nfi\n# This output is used by Xcode 'outputs' to avoid re-running this script phase.\necho \"SUCCESS\" > \"${SCRIPT_OUTPUT_FILE_0}\"\n";
			showEnvVarsInLog = 0;
		};
		FD10A7F022414F080027D42C /* Start Packager */ = {
			isa = PBXShellScriptBuildPhase;
			buildActionMask = 2147483647;
			files = (
			);
			inputFileListPaths = (
			);
			inputPaths = (
			);
			name = "Start Packager";
			outputFileListPaths = (
			);
			outputPaths = (
			);
			runOnlyForDeploymentPostprocessing = 0;
			shellPath = /bin/sh;
			shellScript = "export RCT_METRO_PORT=\"${RCT_METRO_PORT:=8081}\"\necho \"export RCT_METRO_PORT=${RCT_METRO_PORT}\" > \"${SRCROOT}/../node_modules/react-native/scripts/.packager.env\"\nif [ -z \"${RCT_NO_LAUNCH_PACKAGER+xxx}\" ] ; then\n  if nc -w 5 -z localhost ${RCT_METRO_PORT} ; then\n    if ! curl -s \"http://localhost:${RCT_METRO_PORT}/status\" | grep -q \"packager-status:running\" ; then\n      echo \"Port ${RCT_METRO_PORT} already in use, packager is either not running or not running correctly\"\n      exit 2\n    fi\n  else\n    open \"$SRCROOT/../node_modules/react-native/scripts/launchPackager.command\" || echo \"Can't start packager automatically\"\n  fi\nfi\n";
			showEnvVarsInLog = 0;
		};
/* End PBXShellScriptBuildPhase section */

/* Begin PBXSourcesBuildPhase section */
		00E356EA1AD99517003FC87E /* Sources */ = {
			isa = PBXSourcesBuildPhase;
			buildActionMask = 2147483647;
			files = (
				00E356F31AD99517003FC87E /* xhunterTests.m in Sources */,
			);
			runOnlyForDeploymentPostprocessing = 0;
		};
		13B07F871A680F5B00A75B9A /* Sources */ = {
			isa = PBXSourcesBuildPhase;
			buildActionMask = 2147483647;
			files = (
				13B07FBC1A68108700A75B9A /* AppDelegate.m in Sources */,
				13B07FC11A68108700A75B9A /* main.m in Sources */,
			);
			runOnlyForDeploymentPostprocessing = 0;
		};
/* End PBXSourcesBuildPhase section */

/* Begin PBXTargetDependency section */
		00E356F51AD99517003FC87E /* PBXTargetDependency */ = {
			isa = PBXTargetDependency;
			target = 13B07F861A680F5B00A75B9A /* xhunter */;
			targetProxy = 00E356F41AD99517003FC87E /* PBXContainerItemProxy */;
		};
/* End PBXTargetDependency section */

/* Begin XCBuildConfiguration section */
		00E356F61AD99517003FC87E /* Debug */ = {
			isa = XCBuildConfiguration;
			baseConfigurationReference = 9DF2F019309BBB15271F1D63 /* Pods-xhunter-xhunterTests.debug.xcconfig */;
			buildSettings = {
				BUNDLE_LOADER = "$(TEST_HOST)";
				GCC_PREPROCESSOR_DEFINITIONS = (
					"DEBUG=1",
					"$(inherited)",
				);
				INFOPLIST_FILE = xhunterTests/Info.plist;
				IPHONEOS_DEPLOYMENT_TARGET = 11.0;
				LD_RUNPATH_SEARCH_PATHS = (
					"$(inherited)",
					"@executable_path/Frameworks",
					"@loader_path/Frameworks",
				);
				OTHER_LDFLAGS = (
					"-ObjC",
					"-lc++",
					"$(inherited)",
				);
				PRODUCT_BUNDLE_IDENTIFIER = "org.reactjs.native.example.$(PRODUCT_NAME:rfc1034identifier)";
				PRODUCT_NAME = "$(TARGET_NAME)";
				TEST_HOST = "$(BUILT_PRODUCTS_DIR)/xhunter.app/xhunter";
			};
			name = Debug;
		};
		00E356F71AD99517003FC87E /* Release */ = {
			isa = XCBuildConfiguration;
			baseConfigurationReference = 982054FB580FDDE359E4CD8F /* Pods-xhunter-xhunterTests.release.xcconfig */;
			buildSettings = {
				BUNDLE_LOADER = "$(TEST_HOST)";
				COPY_PHASE_STRIP = NO;
				INFOPLIST_FILE = xhunterTests/Info.plist;
				IPHONEOS_DEPLOYMENT_TARGET = 11.0;
				LD_RUNPATH_SEARCH_PATHS = (
					"$(inherited)",
					"@executable_path/Frameworks",
					"@loader_path/Frameworks",
				);
				OTHER_LDFLAGS = (
					"-ObjC",
					"-lc++",
					"$(inherited)",
				);
				PRODUCT_BUNDLE_IDENTIFIER = "org.reactjs.native.example.$(PRODUCT_NAME:rfc1034identifier)";
				PRODUCT_NAME = "$(TARGET_NAME)";
				TEST_HOST = "$(BUILT_PRODUCTS_DIR)/xhunter.app/xhunter";
			};
			name = Release;
		};
		13B07F941A680F5B00A75B9A /* Debug */ = {
			isa = XCBuildConfiguration;
			baseConfigurationReference = 257FB71EE41AF490C27A1279 /* Pods-xhunter.debug.xcconfig */;
			buildSettings = {
				ASSETCATALOG_COMPILER_APPICON_NAME = AppIcon;
				CLANG_ENABLE_MODULES = YES;
				CURRENT_PROJECT_VERSION = 1;
				ENABLE_BITCODE = NO;
				INFOPLIST_FILE = xhunter/Info.plist;
				LD_RUNPATH_SEARCH_PATHS = (
					"$(inherited)",
					"@executable_path/Frameworks",
				);
				OTHER_LDFLAGS = (
					"$(inherited)",
					"-ObjC",
					"-lc++",
				);
				PRODUCT_BUNDLE_IDENTIFIER = "org.reactjs.native.example.$(PRODUCT_NAME:rfc1034identifier)";
				PRODUCT_NAME = xhunter;
				SWIFT_OPTIMIZATION_LEVEL = "-Onone";
				SWIFT_VERSION = 5.0;
				VERSIONING_SYSTEM = "apple-generic";
			};
			name = Debug;
		};
		13B07F951A680F5B00A75B9A /* Release */ = {
			isa = XCBuildConfiguration;
			baseConfigurationReference = F36DE7788376E3A292D92A48 /* Pods-xhunter.release.xcconfig */;
			buildSettings = {
				ASSETCATALOG_COMPILER_APPICON_NAME = AppIcon;
				CLANG_ENABLE_MODULES = YES;
				CURRENT_PROJECT_VERSION = 1;
				INFOPLIST_FILE = xhunter/Info.plist;
				LD_RUNPATH_SEARCH_PATHS = (
					"$(inherited)",
					"@executable_path/Frameworks",
				);
				OTHER_LDFLAGS = (
					"$(inherited)",
					"-ObjC",
					"-lc++",
				);
				PRODUCT_BUNDLE_IDENTIFIER = "org.reactjs.native.example.$(PRODUCT_NAME:rfc1034identifier)";
				PRODUCT_NAME = xhunter;
				SWIFT_VERSION = 5.0;
				VERSIONING_SYSTEM = "apple-generic";
			};
			name = Release;
		};
		83CBBA201A601CBA00E9B192 /* Debug */ = {
			isa = XCBuildConfiguration;
			buildSettings = {
				ALWAYS_SEARCH_USER_PATHS = NO;
				CLANG_ANALYZER_LOCALIZABILITY_NONLOCALIZED = YES;
				CLANG_CXX_LANGUAGE_STANDARD = "gnu++0x";
				CLANG_CXX_LIBRARY = "libc++";
				CLANG_ENABLE_MODULES = YES;
				CLANG_ENABLE_OBJC_ARC = YES;
				CLANG_WARN_BLOCK_CAPTURE_AUTORELEASING = YES;
				CLANG_WARN_BOOL_CONVERSION = YES;
				CLANG_WARN_COMMA = YES;
				CLANG_WARN_CONSTANT_CONVERSION = YES;
				CLANG_WARN_DEPRECATED_OBJC_IMPLEMENTATIONS = YES;
				CLANG_WARN_DIRECT_OBJC_ISA_USAGE = YES_ERROR;
				CLANG_WARN_EMPTY_BODY = YES;
				CLANG_WARN_ENUM_CONVERSION = YES;
				CLANG_WARN_INFINITE_RECURSION = YES;
				CLANG_WARN_INT_CONVERSION = YES;
				CLANG_WARN_NON_LITERAL_NULL_CONVERSION = YES;
				CLANG_WARN_OBJC_IMPLICIT_RETAIN_SELF = YES;
				CLANG_WARN_OBJC_LITERAL_CONVERSION = YES;
				CLANG_WARN_OBJC_ROOT_CLASS = YES_ERROR;
				CLANG_WARN_QUOTED_INCLUDE_IN_FRAMEWORK_HEADER = YES;
				CLANG_WARN_RANGE_LOOP_ANALYSIS = YES;
				CLANG_WARN_STRICT_PROTOTYPES = YES;
				CLANG_WARN_SUSPICIOUS_MOVE = YES;
				CLANG_WARN_UNREACHABLE_CODE = YES;
				CLANG_WARN__DUPLICATE_METHOD_MATCH = YES;
				"CODE_SIGN_IDENTITY[sdk=iphoneos*]" = "iPhone Developer";
				COPY_PHASE_STRIP = NO;
				ENABLE_STRICT_OBJC_MSGSEND = YES;
				ENABLE_TESTABILITY = YES;
				"EXCLUDED_ARCHS[sdk=iphonesimulator*]" = "";
				GCC_C_LANGUAGE_STANDARD = gnu99;
				GCC_DYNAMIC_NO_PIC = NO;
				GCC_NO_COMMON_BLOCKS = YES;
				GCC_OPTIMIZATION_LEVEL = 0;
				GCC_PREPROCESSOR_DEFINITIONS = (
					"DEBUG=1",
					"$(inherited)",
				);
				GCC_SYMBOLS_PRIVATE_EXTERN = NO;
				GCC_WARN_64_TO_32_BIT_CONVERSION = YES;
				GCC_WARN_ABOUT_RETURN_TYPE = YES_ERROR;
				GCC_WARN_UNDECLARED_SELECTOR = YES;
				GCC_WARN_UNINITIALIZED_AUTOS = YES_AGGRESSIVE;
				GCC_WARN_UNUSED_FUNCTION = YES;
				GCC_WARN_UNUSED_VARIABLE = YES;
				IPHONEOS_DEPLOYMENT_TARGET = 11.0;
				LD_RUNPATH_SEARCH_PATHS = (
					/usr/lib/swift,
					"$(inherited)",
				);
				LIBRARY_SEARCH_PATHS = (
					"\"$(SDKROOT)/usr/lib/swift\"",
					"\"$(TOOLCHAIN_DIR)/usr/lib/swift/$(PLATFORM_NAME)\"",
					"\"$(inherited)\"",
				);
				MTL_ENABLE_DEBUG_INFO = YES;
				ONLY_ACTIVE_ARCH = YES;
				SDKROOT = iphoneos;
			};
			name = Debug;
		};
		83CBBA211A601CBA00E9B192 /* Release */ = {
			isa = XCBuildConfiguration;
			buildSettings = {
				ALWAYS_SEARCH_USER_PATHS = NO;
				CLANG_ANALYZER_LOCALIZABILITY_NONLOCALIZED = YES;
				CLANG_CXX_LANGUAGE_STANDARD = "gnu++0x";
				CLANG_CXX_LIBRARY = "libc++";
				CLANG_ENABLE_MODULES = YES;
				CLANG_ENABLE_OBJC_ARC = YES;
				CLANG_WARN_BLOCK_CAPTURE_AUTORELEASING = YES;
				CLANG_WARN_BOOL_CONVERSION = YES;
				CLANG_WARN_COMMA = YES;
				CLANG_WARN_CONSTANT_CONVERSION = YES;
				CLANG_WARN_DEPRECATED_OBJC_IMPLEMENTATIONS = YES;
				CLANG_WARN_DIRECT_OBJC_ISA_USAGE = YES_ERROR;
				CLANG_WARN_EMPTY_BODY = YES;
				CLANG_WARN_ENUM_CONVERSION = YES;
				CLANG_WARN_INFINITE_RECURSION = YES;
				CLANG_WARN_INT_CONVERSION = YES;
				CLANG_WARN_NON_LITERAL_NULL_CONVERSION = YES;
				CLANG_WARN_OBJC_IMPLICIT_RETAIN_SELF = YES;
				CLANG_WARN_OBJC_LITERAL_CONVERSION = YES;
				CLANG_WARN_OBJC_ROOT_CLASS = YES_ERROR;
				CLANG_WARN_QUOTED_INCLUDE_IN_FRAMEWORK_HEADER = YES;
				CLANG_WARN_RANGE_LOOP_ANALYSIS = YES;
				CLANG_WARN_STRICT_PROTOTYPES = YES;
				CLANG_WARN_SUSPICIOUS_MOVE = YES;
				CLANG_WARN_UNREACHABLE_CODE = YES;
				CLANG_WARN__DUPLICATE_METHOD_MATCH = YES;
				"CODE_SIGN_IDENTITY[sdk=iphoneos*]" = "iPhone Developer";
				COPY_PHASE_STRIP = YES;
				ENABLE_NS_ASSERTIONS = NO;
				ENABLE_STRICT_OBJC_MSGSEND = YES;
				"EXCLUDED_ARCHS[sdk=iphonesimulator*]" = "";
				GCC_C_LANGUAGE_STANDARD = gnu99;
				GCC_NO_COMMON_BLOCKS = YES;
				GCC_WARN_64_TO_32_BIT_CONVERSION = YES;
				GCC_WARN_ABOUT_RETURN_TYPE = YES_ERROR;
				GCC_WARN_UNDECLARED_SELECTOR = YES;
				GCC_WARN_UNINITIALIZED_AUTOS = YES_AGGRESSIVE;
				GCC_WARN_UNUSED_FUNCTION = YES;
				GCC_WARN_UNUSED_VARIABLE = YES;
				IPHONEOS_DEPLOYMENT_TARGET = 11.0;
				LD_RUNPATH_SEARCH_PATHS = (
					/usr/lib/swift,
					"$(inherited)",
				);
				LIBRARY_SEARCH_PATHS = (
					"\"$(SDKROOT)/usr/lib/swift\"",
					"\"$(TOOLCHAIN_DIR)/usr/lib/swift/$(PLATFORM_NAME)\"",
					"\"$(inherited)\"",
				);
				MTL_ENABLE_DEBUG_INFO = NO;
				SDKROOT = iphoneos;
				VALIDATE_PRODUCT = YES;
			};
			name = Release;
		};
/* End XCBuildConfiguration section */

/* Begin XCConfigurationList section */
		00E357021AD99517003FC87E /* Build configuration list for PBXNativeTarget "xhunterTests" */ = {
			isa = XCConfigurationList;
			buildConfigurations = (
				00E356F61AD99517003FC87E /* Debug */,
				00E356F71AD99517003FC87E /* Release */,
			);
			defaultConfigurationIsVisible = 0;
			defaultConfigurationName = Release;
		};
		13B07F931A680F5B00A75B9A /* Build configuration list for PBXNativeTarget "xhunter" */ = {
			isa = XCConfigurationList;
			buildConfigurations = (
				13B07F941A680F5B00A75B9A /* Debug */,
				13B07F951A680F5B00A75B9A /* Release */,
			);
			defaultConfigurationIsVisible = 0;
			defaultConfigurationName = Release;
		};
		83CBB9FA1A601CBA00E9B192 /* Build configuration list for PBXProject "xhunter" */ = {
			isa = XCConfigurationList;
			buildConfigurations = (
				83CBBA201A601CBA00E9B192 /* Debug */,
				83CBBA211A601CBA00E9B192 /* Release */,
			);
			defaultConfigurationIsVisible = 0;
			defaultConfigurationName = Release;
		};
/* End XCConfigurationList section */
	};
	rootObject = 83CBB9F71A601CBA00E9B192 /* Project object */;
}
